<?xml version="1.0" encoding="utf-8"?>
<Project ToolsVersion="4.0" xmlns="http://schemas.microsoft.com/developer/msbuild/2003">
  <ItemGroup>
    <Filter Include="Archivos de origen">
      <UniqueIdentifier>{4FC737F1-C7A5-4376-A066-2A32D752A2FF}</UniqueIdentifier>
      <Extensions>cpp;c;cc;cxx;c++;cppm;ixx;def;odl;idl;hpj;bat;asm;asmx</Extensions>
    </Filter>
    <Filter Include="Archivos de encabezado">
      <UniqueIdentifier>{93995380-89BD-4b04-88EB-625FBE52EBFB}</UniqueIdentifier>
      <Extensions>h;hh;hpp;hxx;h++;hm;inl;inc;ipp;xsd</Extensions>
    </Filter>
    <Filter Include="Archivos de recursos">
      <UniqueIdentifier>{67DA6AB6-F800-4c08-8B7A-83BB121AAD01}</UniqueIdentifier>
      <Extensions>rc;ico;cur;bmp;dlg;rc2;rct;bin;rgs;gif;jpg;jpeg;jpe;resx;tiff;tif;png;wav;mfcribbon-ms</Extensions>
    </Filter>
    <Filter Include="Archivos de encabezado\ProgramminPatterns">
      <UniqueIdentifier>{086a5ad6-07df-402b-84f7-0fbb452ba6ed}</UniqueIdentifier>
    </Filter>
    <Filter Include="Archivos de encabezado\ProgramminPatterns\AbstractFactory">
      <UniqueIdentifier>{d7afa9fd-c337-489c-a13d-3f3526abeea6}</UniqueIdentifier>
    </Filter>
    <Filter Include="Archivos de origen\ProgramminPatterns">
      <UniqueIdentifier>{4aa57b1b-ac1e-4c74-bb91-ef972993083c}</UniqueIdentifier>
    </Filter>
    <Filter Include="Archivos de origen\ProgramminPatterns\AbstractFactory">
      <UniqueIdentifier>{62bccc7c-ef92-4aed-8fa8-a1fdc6749bfa}</UniqueIdentifier>
    </Filter>
  </ItemGroup>
  <ItemGroup>
    <ClInclude Include="include\Prerequisitos.h">
      <Filter>Archivos de encabezado</Filter>
    </ClInclude>
    <ClInclude Include="include\Item.h">
      <Filter>Archivos de encabezado</Filter>
    </ClInclude>
    <ClInclude Include="include\Inventary.h">
      <Filter>Archivos de encabezado</Filter>
    </ClInclude>
    <ClInclude Include="include\Rectangulo.h">
      <Filter>Archivos de encabezado</Filter>
    </ClInclude>
    <ClInclude Include="include\Circulo.h">
      <Filter>Archivos de encabezado</Filter>
    </ClInclude>
    <ClInclude Include="include\Estudiantes.h">
      <Filter>Archivos de encabezado</Filter>
    </ClInclude>
    <ClInclude Include="include\CuentaBancaria.h">
      <Filter>Archivos de encabezado</Filter>
    </ClInclude>
    <ClInclude Include="include\Banco.h">
      <Filter>Archivos de encabezado</Filter>
    </ClInclude>
    <ClInclude Include="include\UsuarioBancario.h">
      <Filter>Archivos de encabezado</Filter>
    </ClInclude>
    <ClInclude Include="include\Producto.h">
      <Filter>Archivos de encabezado</Filter>
    </ClInclude>
    <ClInclude Include="include\ProgramminPatterns\MiSingleton.h">
      <Filter>Archivos de encabezado\ProgramminPatterns</Filter>
    </ClInclude>
    <ClInclude Include="include\ProgramminPatterns\RegistroActividad.h">
      <Filter>Archivos de encabezado\ProgramminPatterns</Filter>
    </ClInclude>
    <ClInclude Include="include\ProgramminPatterns\FactoryMethod.h">
      <Filter>Archivos de encabezado\ProgramminPatterns</Filter>
    </ClInclude>
    <ClInclude Include="include\ProgramminPatterns\FactoryMethodVehiculos.h">
      <Filter>Archivos de encabezado\ProgramminPatterns</Filter>
    </ClInclude>
    <ClInclude Include="include\ProgramminPatterns\AbstractFactory\ProductoA.h">
      <Filter>Archivos de encabezado\ProgramminPatterns\AbstractFactory</Filter>
    </ClInclude>
    <ClInclude Include="include\ProgramminPatterns\AbstractFactory\ProductoB.h">
      <Filter>Archivos de encabezado\ProgramminPatterns\AbstractFactory</Filter>
    </ClInclude>
    <ClInclude Include="include\ProgramminPatterns\AbstractFactory\FabricaAbstracta.h">
      <Filter>Archivos de encabezado\ProgramminPatterns\AbstractFactory</Filter>
    </ClInclude>
    <ClInclude Include="include\ProgramminPatterns\AbstractFactory\ProductoA1.h">
      <Filter>Archivos de encabezado\ProgramminPatterns\AbstractFactory</Filter>
    </ClInclude>
    <ClInclude Include="include\ProgramminPatterns\AbstractFactory\ProductoB1.h">
      <Filter>Archivos de encabezado\ProgramminPatterns\AbstractFactory</Filter>
    </ClInclude>
    <ClInclude Include="include\ProgramminPatterns\AbstractFactory\FabricaConcreta.h">
      <Filter>Archivos de encabezado\ProgramminPatterns\AbstractFactory</Filter>
    </ClInclude>
  </ItemGroup>
  <ItemGroup>
    <ClCompile Include="source\main2.cpp">
      <Filter>Archivos de origen</Filter>
    </ClCompile>
    <ClCompile Include="source\ProgramminPatterns\AbstractFactory\ProductoA1.cpp">
      <Filter>Archivos de origen\ProgramminPatterns\AbstractFactory</Filter>
    </ClCompile>
    <ClCompile Include="source\ProgramminPatterns\AbstractFactory\ProductoB1.cpp">
      <Filter>Archivos de origen\ProgramminPatterns\AbstractFactory</Filter>
    </ClCompile>
  </ItemGroup>
</Project>