<?xml version="1.0" encoding="utf-8"?>
<Project ToolsVersion="4.0" xmlns="http://schemas.microsoft.com/developer/msbuild/2003">
  <ItemGroup>
    <Filter Include="Archivos de origen">
      <UniqueIdentifier>{4FC737F1-C7A5-4376-A066-2A32D752A2FF}</UniqueIdentifier>
      <Extensions>cpp;c;cc;cxx;c++;cppm;ixx;def;odl;idl;hpj;bat;asm;asmx</Extensions>
    </Filter>
    <Filter Include="Archivos de encabezado">
      <UniqueIdentifier>{93995380-89BD-4b04-88EB-625FBE52EBFB}</UniqueIdentifier>
      <Extensions>h;hh;hpp;hxx;h++;hm;inl;inc;ipp;xsd</Extensions>
    </Filter>
    <Filter Include="Archivos de recursos">
      <UniqueIdentifier>{67DA6AB6-F800-4c08-8B7A-83BB121AAD01}</UniqueIdentifier>
      <Extensions>rc;ico;cur;bmp;dlg;rc2;rct;bin;rgs;gif;jpg;jpeg;jpe;resx;tiff;tif;png;wav;mfcribbon-ms</Extensions>
    </Filter>
    <Filter Include="Archivos de encabezado\ProgramminPatterns">
      <UniqueIdentifier>{086a5ad6-07df-402b-84f7-0fbb452ba6ed}</UniqueIdentifier>
    </Filter>
    <Filter Include="Archivos de encabezado\ProgramminPatterns\AbstractFactory">
      <UniqueIdentifier>{d7afa9fd-c337-489c-a13d-3f3526abeea6}</UniqueIdentifier>
    </Filter>
    <Filter Include="Archivos de origen\ProgramminPatterns">
      <UniqueIdentifier>{4aa57b1b-ac1e-4c74-bb91-ef972993083c}</UniqueIdentifier>
    </Filter>
    <Filter Include="Archivos de origen\ProgramminPatterns\AbstractFactory">
      <UniqueIdentifier>{62bccc7c-ef92-4aed-8fa8-a1fdc6749bfa}</UniqueIdentifier>
    </Filter>
    <Filter Include="Archivos de encabezado\ProgramminPatterns\AbstractFactory\AbtractFactoryMuebles">
      <UniqueIdentifier>{25525a61-daf7-4354-a6a3-547847b8d2ce}</UniqueIdentifier>
    </Filter>
    <Filter Include="Archivos de encabezado\ProgramminPatterns\Builder">
      <UniqueIdentifier>{beacba9b-ed5a-4d98-bc4e-056294fe1cee}</UniqueIdentifier>
    </Filter>
    <Filter Include="Archivos de origen\ProgramminPatterns\Builder">
      <UniqueIdentifier>{10b696cd-9d25-4fa0-841c-747a89967995}</UniqueIdentifier>
    </Filter>
    <Filter Include="Archivos de encabezado\ProgramminPatterns\Prototype">
      <UniqueIdentifier>{e1970c12-863d-43c6-a8e5-db791b234fb8}</UniqueIdentifier>
    </Filter>
    <Filter Include="Archivos de encabezado\ProgramminPatterns\Adapter">
      <UniqueIdentifier>{3be0bc91-ada2-47ff-9506-fedb3ebf39c3}</UniqueIdentifier>
    </Filter>
    <Filter Include="Archivos de encabezado\ProgramminPatterns\Decorator">
      <UniqueIdentifier>{bacc555c-257a-45dc-bdb6-201c5755ed9e}</UniqueIdentifier>
    </Filter>
    <Filter Include="Archivos de encabezado\ProgramminPatterns\Composite">
      <UniqueIdentifier>{da90b2fd-4bc6-4955-a5e9-400ad05ab4dc}</UniqueIdentifier>
    </Filter>
    <Filter Include="Archivos de encabezado\ProgramminPatterns\Bridge">
      <UniqueIdentifier>{475e7b05-cc8c-470c-b903-e2742e9c5bd2}</UniqueIdentifier>
    </Filter>
    <Filter Include="Archivos de encabezado\ProgramminPatterns\chainOfResponsability">
      <UniqueIdentifier>{0f3d3387-3e6f-4bc4-b9b0-7c88c40809a1}</UniqueIdentifier>
    </Filter>
  </ItemGroup>
  <ItemGroup>
    <ClInclude Include="include\Prerequisitos.h">
      <Filter>Archivos de encabezado</Filter>
    </ClInclude>
    <ClInclude Include="include\Item.h">
      <Filter>Archivos de encabezado</Filter>
    </ClInclude>
    <ClInclude Include="include\Inventary.h">
      <Filter>Archivos de encabezado</Filter>
    </ClInclude>
    <ClInclude Include="include\Rectangulo.h">
      <Filter>Archivos de encabezado</Filter>
    </ClInclude>
    <ClInclude Include="include\Circulo.h">
      <Filter>Archivos de encabezado</Filter>
    </ClInclude>
    <ClInclude Include="include\Estudiantes.h">
      <Filter>Archivos de encabezado</Filter>
    </ClInclude>
    <ClInclude Include="include\CuentaBancaria.h">
      <Filter>Archivos de encabezado</Filter>
    </ClInclude>
    <ClInclude Include="include\Banco.h">
      <Filter>Archivos de encabezado</Filter>
    </ClInclude>
    <ClInclude Include="include\UsuarioBancario.h">
      <Filter>Archivos de encabezado</Filter>
    </ClInclude>
    <ClInclude Include="include\Producto.h">
      <Filter>Archivos de encabezado</Filter>
    </ClInclude>
    <ClInclude Include="include\ProgramminPatterns\MiSingleton.h">
      <Filter>Archivos de encabezado\ProgramminPatterns</Filter>
    </ClInclude>
    <ClInclude Include="include\ProgramminPatterns\RegistroActividad.h">
      <Filter>Archivos de encabezado\ProgramminPatterns</Filter>
    </ClInclude>
    <ClInclude Include="include\ProgramminPatterns\FactoryMethod.h">
      <Filter>Archivos de encabezado\ProgramminPatterns</Filter>
    </ClInclude>
    <ClInclude Include="include\ProgramminPatterns\FactoryMethodVehiculos.h">
      <Filter>Archivos de encabezado\ProgramminPatterns</Filter>
    </ClInclude>
    <ClInclude Include="include\ProgramminPatterns\AbstractFactory\ProductoA.h">
      <Filter>Archivos de encabezado\ProgramminPatterns\AbstractFactory</Filter>
    </ClInclude>
    <ClInclude Include="include\ProgramminPatterns\AbstractFactory\ProductoB.h">
      <Filter>Archivos de encabezado\ProgramminPatterns\AbstractFactory</Filter>
    </ClInclude>
    <ClInclude Include="include\ProgramminPatterns\AbstractFactory\FabricaAbstracta.h">
      <Filter>Archivos de encabezado\ProgramminPatterns\AbstractFactory</Filter>
    </ClInclude>
    <ClInclude Include="include\ProgramminPatterns\AbstractFactory\ProductoA1.h">
      <Filter>Archivos de encabezado\ProgramminPatterns\AbstractFactory</Filter>
    </ClInclude>
    <ClInclude Include="include\ProgramminPatterns\AbstractFactory\ProductoB1.h">
      <Filter>Archivos de encabezado\ProgramminPatterns\AbstractFactory</Filter>
    </ClInclude>
    <ClInclude Include="include\ProgramminPatterns\AbstractFactory\FabricaConcreta.h">
      <Filter>Archivos de encabezado\ProgramminPatterns\AbstractFactory</Filter>
    </ClInclude>
    <ClInclude Include="include\ProgramminPatterns\AbstractFactory\AbstractFactoryMuebles\Mueble.h">
      <Filter>Archivos de encabezado\ProgramminPatterns\AbstractFactory\AbtractFactoryMuebles</Filter>
    </ClInclude>
    <ClInclude Include="include\ProgramminPatterns\AbstractFactory\AbstractFactoryMuebles\Silla.h">
      <Filter>Archivos de encabezado\ProgramminPatterns\AbstractFactory\AbtractFactoryMuebles</Filter>
    </ClInclude>
    <ClInclude Include="include\ProgramminPatterns\AbstractFactory\AbstractFactoryMuebles\Mesa.h">
      <Filter>Archivos de encabezado\ProgramminPatterns\AbstractFactory\AbtractFactoryMuebles</Filter>
    </ClInclude>
    <ClInclude Include="include\ProgramminPatterns\AbstractFactory\AbstractFactoryMuebles\FactoriaMuebles.h">
      <Filter>Archivos de encabezado\ProgramminPatterns\AbstractFactory\AbtractFactoryMuebles</Filter>
    </ClInclude>
    <ClInclude Include="include\ProgramminPatterns\AbstractFactory\AbstractFactoryMuebles\SillaModerna.h">
      <Filter>Archivos de encabezado\ProgramminPatterns\AbstractFactory\AbtractFactoryMuebles</Filter>
    </ClInclude>
    <ClInclude Include="include\ProgramminPatterns\AbstractFactory\AbstractFactoryMuebles\MesaModerna.h">
      <Filter>Archivos de encabezado\ProgramminPatterns\AbstractFactory\AbtractFactoryMuebles</Filter>
    </ClInclude>
    <ClInclude Include="include\ProgramminPatterns\AbstractFactory\AbstractFactoryMuebles\SillaRustica.h">
      <Filter>Archivos de encabezado\ProgramminPatterns\AbstractFactory\AbtractFactoryMuebles</Filter>
    </ClInclude>
    <ClInclude Include="include\ProgramminPatterns\AbstractFactory\AbstractFactoryMuebles\MesaRustica.h">
      <Filter>Archivos de encabezado\ProgramminPatterns\AbstractFactory\AbtractFactoryMuebles</Filter>
    </ClInclude>
    <ClInclude Include="include\ProgramminPatterns\AbstractFactory\AbstractFactoryMuebles\FactoriaMueblesRusticos.h">
      <Filter>Archivos de encabezado\ProgramminPatterns\AbstractFactory\AbtractFactoryMuebles</Filter>
    </ClInclude>
    <ClInclude Include="include\ProgramminPatterns\AbstractFactory\AbstractFactoryMuebles\FactoriaMueblesModernos.h">
      <Filter>Archivos de encabezado\ProgramminPatterns\AbstractFactory\AbtractFactoryMuebles</Filter>
    </ClInclude>
    <ClInclude Include="include\ProgramminPatterns\Builder\Producto.h">
      <Filter>Archivos de encabezado\ProgramminPatterns\Builder</Filter>
    </ClInclude>
    <ClInclude Include="include\ProgramminPatterns\Builder\Builder.h">
      <Filter>Archivos de encabezado\ProgramminPatterns\Builder</Filter>
    </ClInclude>
    <ClInclude Include="include\ProgramminPatterns\Builder\BuilderConcreto.h">
      <Filter>Archivos de encabezado\ProgramminPatterns\Builder</Filter>
    </ClInclude>
    <ClInclude Include="include\ProgramminPatterns\Builder\Director.h">
      <Filter>Archivos de encabezado\ProgramminPatterns\Builder</Filter>
    </ClInclude>
    <ClInclude Include="include\ProgramminPatterns\Builder\Pizza.h">
      <Filter>Archivos de encabezado\ProgramminPatterns\Builder</Filter>
    </ClInclude>
    <ClInclude Include="include\ProgramminPatterns\Builder\ConstrutorPizza.h">
      <Filter>Archivos de encabezado\ProgramminPatterns\Builder</Filter>
    </ClInclude>
    <ClInclude Include="include\ProgramminPatterns\Builder\BuilderPizzaHawaiana.h">
      <Filter>Archivos de encabezado\ProgramminPatterns\Builder</Filter>
    </ClInclude>
    <ClInclude Include="include\ProgramminPatterns\Builder\BuilderPizzaVegetariana.h">
      <Filter>Archivos de encabezado\ProgramminPatterns\Builder</Filter>
    </ClInclude>
    <ClInclude Include="include\ProgramminPatterns\Prototype\Prototype.h">
      <Filter>Archivos de encabezado\ProgramminPatterns\Prototype</Filter>
    </ClInclude>
    <ClInclude Include="include\ProgramminPatterns\Prototype\PrototypeConcreto.h">
      <Filter>Archivos de encabezado\ProgramminPatterns\Prototype</Filter>
    </ClInclude>
    <ClInclude Include="include\ProgramminPatterns\Prototype\DocumentoPrototype.h">
      <Filter>Archivos de encabezado\ProgramminPatterns\Prototype</Filter>
    </ClInclude>
    <ClInclude Include="include\ProgramminPatterns\Prototype\Documento.h">
      <Filter>Archivos de encabezado\ProgramminPatterns\Prototype</Filter>
    </ClInclude>
    <ClInclude Include="include\ProgramminPatterns\Prototype\DocumentoTexto.h">
      <Filter>Archivos de encabezado\ProgramminPatterns\Prototype</Filter>
    </ClInclude>
    <ClInclude Include="include\ProgramminPatterns\Prototype\DocumentoImagen.h">
      <Filter>Archivos de encabezado\ProgramminPatterns\Prototype</Filter>
    </ClInclude>
    <ClInclude Include="include\ProgramminPatterns\Adapter\InterfazVieja.h">
      <Filter>Archivos de encabezado\ProgramminPatterns\Adapter</Filter>
    </ClInclude>
    <ClInclude Include="include\ProgramminPatterns\Adapter\InterfazNueva.h">
      <Filter>Archivos de encabezado\ProgramminPatterns\Adapter</Filter>
    </ClInclude>
    <ClInclude Include="include\ProgramminPatterns\Adapter\Adaptador.h">
      <Filter>Archivos de encabezado\ProgramminPatterns\Adapter</Filter>
    </ClInclude>
    <ClInclude Include="include\ProgramminPatterns\Adapter\Circulo.h">
      <Filter>Archivos de encabezado\ProgramminPatterns\Adapter</Filter>
    </ClInclude>
    <ClInclude Include="include\ProgramminPatterns\Adapter\Cuadrado.h">
      <Filter>Archivos de encabezado\ProgramminPatterns\Adapter</Filter>
    </ClInclude>
    <ClInclude Include="include\ProgramminPatterns\Adapter\Dibujable.h">
      <Filter>Archivos de encabezado\ProgramminPatterns\Adapter</Filter>
    </ClInclude>
    <ClInclude Include="include\ProgramminPatterns\Adapter\CirculoAdapter.h">
      <Filter>Archivos de encabezado\ProgramminPatterns\Adapter</Filter>
    </ClInclude>
    <ClInclude Include="include\ProgramminPatterns\Adapter\CuadradoAdapter.h">
      <Filter>Archivos de encabezado\ProgramminPatterns\Adapter</Filter>
    </ClInclude>
    <ClInclude Include="include\ProgramminPatterns\Decorator\Componente.h">
      <Filter>Archivos de encabezado\ProgramminPatterns\Decorator</Filter>
    </ClInclude>
    <ClInclude Include="include\ProgramminPatterns\Decorator\ComponenteConcreto.h">
      <Filter>Archivos de encabezado\ProgramminPatterns\Decorator</Filter>
    </ClInclude>
    <ClInclude Include="include\ProgramminPatterns\Decorator\Decorator.h">
      <Filter>Archivos de encabezado\ProgramminPatterns\Decorator</Filter>
    </ClInclude>
    <ClInclude Include="include\ProgramminPatterns\Decorator\DecoratorConcretoA.h">
      <Filter>Archivos de encabezado\ProgramminPatterns\Decorator</Filter>
    </ClInclude>
    <ClInclude Include="include\ProgramminPatterns\Decorator\DecoratorConcretoB.h">
      <Filter>Archivos de encabezado\ProgramminPatterns\Decorator</Filter>
    </ClInclude>
    <ClInclude Include="include\ProgramminPatterns\Decorator\Cafeteria.h">
      <Filter>Archivos de encabezado\ProgramminPatterns\Decorator</Filter>
    </ClInclude>
    <ClInclude Include="include\ProgramminPatterns\Decorator\Condimento.h">
      <Filter>Archivos de encabezado\ProgramminPatterns\Decorator</Filter>
    </ClInclude>
    <ClInclude Include="include\ProgramminPatterns\Decorator\Leche.h">
      <Filter>Archivos de encabezado\ProgramminPatterns\Decorator</Filter>
    </ClInclude>
    <ClInclude Include="include\ProgramminPatterns\Decorator\Azucar.h">
      <Filter>Archivos de encabezado\ProgramminPatterns\Decorator</Filter>
    </ClInclude>
    <ClInclude Include="include\ProgramminPatterns\Composite\Hoja.h">
      <Filter>Archivos de encabezado\ProgramminPatterns\Composite</Filter>
    </ClInclude>
    <ClInclude Include="include\ProgramminPatterns\Composite\Composite.h">
      <Filter>Archivos de encabezado\ProgramminPatterns\Composite</Filter>
    </ClInclude>
    <ClInclude Include="include\ProgramminPatterns\Composite\Sistema.h">
      <Filter>Archivos de encabezado\ProgramminPatterns\Composite</Filter>
    </ClInclude>
    <ClInclude Include="include\ProgramminPatterns\Composite\Archivo.h">
      <Filter>Archivos de encabezado\ProgramminPatterns\Composite</Filter>
    </ClInclude>
    <ClInclude Include="include\ProgramminPatterns\Composite\Carpeta.h">
      <Filter>Archivos de encabezado\ProgramminPatterns\Composite</Filter>
    </ClInclude>
    <ClInclude Include="include\ProgramminPatterns\Composite\SistemaArchivo.h">
      <Filter>Archivos de encabezado\ProgramminPatterns\Composite</Filter>
    </ClInclude>
    <ClInclude Include="include\ProgramminPatterns\Composite\SistemaCarpeta.h">
      <Filter>Archivos de encabezado\ProgramminPatterns\Composite</Filter>
    </ClInclude>
    <ClInclude Include="include\ProgramminPatterns\Bridge\Implementacion.h">
      <Filter>Archivos de encabezado\ProgramminPatterns\Bridge</Filter>
    </ClInclude>
    <ClInclude Include="include\ProgramminPatterns\Bridge\ImplementacionConcretaA.h">
      <Filter>Archivos de encabezado\ProgramminPatterns\Bridge</Filter>
    </ClInclude>
    <ClInclude Include="include\ProgramminPatterns\Bridge\ImplementacionConcretaB.h">
      <Filter>Archivos de encabezado\ProgramminPatterns\Bridge</Filter>
    </ClInclude>
    <ClInclude Include="include\ProgramminPatterns\Bridge\Abstraccion.h">
      <Filter>Archivos de encabezado\ProgramminPatterns\Bridge</Filter>
    </ClInclude>
    <ClInclude Include="include\ProgramminPatterns\Bridge\AbstraccionRefinada.h">
      <Filter>Archivos de encabezado\ProgramminPatterns\Bridge</Filter>
    </ClInclude>
    <ClInclude Include="include\ProgramminPatterns\Bridge\Dispositivo.h">
      <Filter>Archivos de encabezado\ProgramminPatterns\Bridge</Filter>
    </ClInclude>
    <ClInclude Include="include\ProgramminPatterns\Bridge\TV.h">
      <Filter>Archivos de encabezado\ProgramminPatterns\Bridge</Filter>
    </ClInclude>
    <ClInclude Include="include\ProgramminPatterns\Bridge\Radio.h">
      <Filter>Archivos de encabezado\ProgramminPatterns\Bridge</Filter>
    </ClInclude>
    <ClInclude Include="include\ProgramminPatterns\Bridge\ControlRemoto.h">
      <Filter>Archivos de encabezado\ProgramminPatterns\Bridge</Filter>
    </ClInclude>
    <ClInclude Include="include\ProgramminPatterns\chainOfResponsability\Manejador.h">
      <Filter>Archivos de encabezado\ProgramminPatterns\chainOfResponsability</Filter>
    </ClInclude>
    <ClInclude Include="include\ProgramminPatterns\chainOfResponsability\ManejadorConcretoA.h">
      <Filter>Archivos de encabezado\ProgramminPatterns\chainOfResponsability</Filter>
    </ClInclude>
    <ClInclude Include="include\ProgramminPatterns\chainOfResponsability\ManejadorConcretoB.h">
      <Filter>Archivos de encabezado\ProgramminPatterns\chainOfResponsability</Filter>
    </ClInclude>
    <ClInclude Include="include\ProgramminPatterns\chainOfResponsability\ManejadorConcretoC.h">
      <Filter>Archivos de encabezado\ProgramminPatterns\chainOfResponsability</Filter>
    </ClInclude>
  </ItemGroup>
  <ItemGroup>
    <ClCompile Include="source\main2.cpp">
      <Filter>Archivos de origen</Filter>
    </ClCompile>
    <ClCompile Include="source\ProgramminPatterns\AbstractFactory\ProductoA1.cpp">
      <Filter>Archivos de origen\ProgramminPatterns\AbstractFactory</Filter>
    </ClCompile>
    <ClCompile Include="source\ProgramminPatterns\AbstractFactory\ProductoB1.cpp">
      <Filter>Archivos de origen\ProgramminPatterns\AbstractFactory</Filter>
    </ClCompile>
    <ClCompile Include="source\ProgramminPatterns\AbstractFactory\Silla.cpp">
      <Filter>Archivos de origen\ProgramminPatterns\AbstractFactory</Filter>
    </ClCompile>
    <ClCompile Include="source\ProgramminPatterns\AbstractFactory\Mesa.cpp">
      <Filter>Archivos de origen\ProgramminPatterns\AbstractFactory</Filter>
    </ClCompile>
    <ClCompile Include="source\ProgramminPatterns\AbstractFactory\MesaRustica.cpp">
      <Filter>Archivos de origen\ProgramminPatterns\AbstractFactory</Filter>
    </ClCompile>
    <ClCompile Include="source\ProgramminPatterns\AbstractFactory\SillaRustica.cpp">
      <Filter>Archivos de origen\ProgramminPatterns\AbstractFactory</Filter>
    </ClCompile>
    <ClCompile Include="source\ProgramminPatterns\AbstractFactory\SillaModerna.cpp">
      <Filter>Archivos de origen\ProgramminPatterns\AbstractFactory</Filter>
    </ClCompile>
    <ClCompile Include="source\ProgramminPatterns\AbstractFactory\MesaModerna.cpp">
      <Filter>Archivos de origen\ProgramminPatterns\AbstractFactory</Filter>
    </ClCompile>
    <ClCompile Include="source\ProgramminPatterns\Builder\BuilderConcreto.cpp">
      <Filter>Archivos de origen\ProgramminPatterns\Builder</Filter>
    </ClCompile>
  </ItemGroup>
</Project>